
Microsoft Visual Studio Solution File, Format Version 12.00
# Visual Studio Version 16
VisualStudioVersion = 16.0.29123.88
MinimumVisualStudioVersion = 10.0.40219.1
Project("{FAE04EC0-301F-11D3-BF4B-00C04F79EFBC}") = "MTGModelCreation", "MTGModelCreation\MTGModelCreation.csproj", "{CE8E59B7-E147-4E34-85E9-62DBBB3FD606}"
EndProject
Global
	GlobalSection(SolutionConfigurationPlatforms) = preSolution
		Debug|Any CPU = Debug|Any CPU
		Release|Any CPU = Release|Any CPU
	EndGlobalSection
	GlobalSection(ProjectConfigurationPlatforms) = postSolution
		{CE8E59B7-E147-4E34-85E9-62DBBB3FD606}.Debug|Any CPU.ActiveCfg = Debug|Any CPU
		{CE8E59B7-E147-4E34-85E9-62DBBB3FD606}.Debug|Any CPU.Build.0 = Debug|Any CPU
		{CE8E59B7-E147-4E34-85E9-62DBBB3FD606}.Release|Any CPU.ActiveCfg = Release|Any CPU
		{CE8E59B7-E147-4E34-85E9-62DBBB3FD606}.Release|Any CPU.Build.0 = Release|Any CPU
	EndGlobalSection
	GlobalSection(SolutionProperties) = preSolution
		HideSolutionNode = FALSE
	EndGlobalSection
	GlobalSection(ExtensibilityGlobals) = postSolution
		SolutionGuid = {C1A01A6A-015C-4FEB-9125-5C8E991804FD}
	EndGlobalSection
EndGlobal
